
Microsoft Visual Studio Solution File, Format Version 12.00
# Visual Studio Version 16
VisualStudioVersion = 16.0.31727.386
MinimumVisualStudioVersion = 10.0.40219.1
Project("{9A19103F-16F7-4668-BE54-9A1E7A4F7556}") = "FetchNotification", "FetchNotification\FetchNotification.csproj", "{553DAAC0-C331-481E-83A1-49DDC16BAACC}"
EndProject
Project("{FAE04EC0-301F-11D3-BF4B-00C04F79EFBC}") = "Notifications.Wpf", "Notifications.Wpf\Notifications.Wpf.csproj", "{5C9A4F46-263D-4C23-B361-F09E14BB109E}"
EndProject
Project("{FAE04EC0-301F-11D3-BF4B-00C04F79EFBC}") = "NotifyIconWpf", "NotifyIconWpf\NotifyIconWpf.csproj", "{7AC63864-7638-41C4-969C-D3197EF2BED9}"
EndProject
Project("{FAE04EC0-301F-11D3-BF4B-00C04F79EFBC}") = "RedCell.Diagnostics.Update", "RedCell.Diagnostics.Update\RedCell.Diagnostics.Update.csproj", "{67D2CCA7-489C-42DC-80FC-4B264C0323EE}"
EndProject
Project("{FAE04EC0-301F-11D3-BF4B-00C04F79EFBC}") = "RedCell.Net", "RedCell.Net\RedCell.Net.csproj", "{98145560-729A-41A2-9B41-4B3DE1114471}"
EndProject
Project("{9A19103F-16F7-4668-BE54-9A1E7A4F7556}") = "Updater", "Updater\Updater.csproj", "{C7FDE420-0587-4C9B-AF8B-DD258B2688F2}"
EndProject
Project("{54435603-DBB4-11D2-8724-00A0C9A8B90C}") = "Installer", "Installer\Installer.vdproj", "{EA98B1D5-D781-4207-B12F-A2EE0EA37074}"
EndProject
Global
	GlobalSection(SolutionConfigurationPlatforms) = preSolution
		Debug|Any CPU = Debug|Any CPU
		Debug|x86 = Debug|x86
		Release 4.0|Any CPU = Release 4.0|Any CPU
		Release 4.0|x86 = Release 4.0|x86
		Release 4.5|Any CPU = Release 4.5|Any CPU
		Release 4.5|x86 = Release 4.5|x86
		Release 4.6.1|Any CPU = Release 4.6.1|Any CPU
		Release 4.6.1|x86 = Release 4.6.1|x86
		Release|Any CPU = Release|Any CPU
		Release|x86 = Release|x86
	EndGlobalSection
	GlobalSection(ProjectConfigurationPlatforms) = postSolution
		{553DAAC0-C331-481E-83A1-49DDC16BAACC}.Debug|Any CPU.ActiveCfg = Debug|Any CPU
		{553DAAC0-C331-481E-83A1-49DDC16BAACC}.Debug|Any CPU.Build.0 = Debug|Any CPU
		{553DAAC0-C331-481E-83A1-49DDC16BAACC}.Debug|x86.ActiveCfg = Debug|x86
		{553DAAC0-C331-481E-83A1-49DDC16BAACC}.Debug|x86.Build.0 = Debug|x86
		{553DAAC0-C331-481E-83A1-49DDC16BAACC}.Release 4.0|Any CPU.ActiveCfg = Release|Any CPU
		{553DAAC0-C331-481E-83A1-49DDC16BAACC}.Release 4.0|Any CPU.Build.0 = Release|Any CPU
		{553DAAC0-C331-481E-83A1-49DDC16BAACC}.Release 4.0|x86.ActiveCfg = Release|x86
		{553DAAC0-C331-481E-83A1-49DDC16BAACC}.Release 4.0|x86.Build.0 = Release|x86
		{553DAAC0-C331-481E-83A1-49DDC16BAACC}.Release 4.5|Any CPU.ActiveCfg = Release|Any CPU
		{553DAAC0-C331-481E-83A1-49DDC16BAACC}.Release 4.5|Any CPU.Build.0 = Release|Any CPU
		{553DAAC0-C331-481E-83A1-49DDC16BAACC}.Release 4.5|x86.ActiveCfg = Release|x86
		{553DAAC0-C331-481E-83A1-49DDC16BAACC}.Release 4.5|x86.Build.0 = Release|x86
		{553DAAC0-C331-481E-83A1-49DDC16BAACC}.Release 4.6.1|Any CPU.ActiveCfg = Release|Any CPU
		{553DAAC0-C331-481E-83A1-49DDC16BAACC}.Release 4.6.1|Any CPU.Build.0 = Release|Any CPU
		{553DAAC0-C331-481E-83A1-49DDC16BAACC}.Release 4.6.1|x86.ActiveCfg = Release|x86
		{553DAAC0-C331-481E-83A1-49DDC16BAACC}.Release 4.6.1|x86.Build.0 = Release|x86
		{553DAAC0-C331-481E-83A1-49DDC16BAACC}.Release|Any CPU.ActiveCfg = Release|Any CPU
		{553DAAC0-C331-481E-83A1-49DDC16BAACC}.Release|Any CPU.Build.0 = Release|Any CPU
		{553DAAC0-C331-481E-83A1-49DDC16BAACC}.Release|x86.ActiveCfg = Release|x86
		{553DAAC0-C331-481E-83A1-49DDC16BAACC}.Release|x86.Build.0 = Release|x86
		{5C9A4F46-263D-4C23-B361-F09E14BB109E}.Debug|Any CPU.ActiveCfg = Debug|Any CPU
		{5C9A4F46-263D-4C23-B361-F09E14BB109E}.Debug|Any CPU.Build.0 = Debug|Any CPU
		{5C9A4F46-263D-4C23-B361-F09E14BB109E}.Debug|x86.ActiveCfg = Debug|x86
		{5C9A4F46-263D-4C23-B361-F09E14BB109E}.Debug|x86.Build.0 = Debug|x86
		{5C9A4F46-263D-4C23-B361-F09E14BB109E}.Release 4.0|Any CPU.ActiveCfg = Release 4.0|Any CPU
		{5C9A4F46-263D-4C23-B361-F09E14BB109E}.Release 4.0|Any CPU.Build.0 = Release 4.0|Any CPU
		{5C9A4F46-263D-4C23-B361-F09E14BB109E}.Release 4.0|x86.ActiveCfg = Release 4.0|x86
		{5C9A4F46-263D-4C23-B361-F09E14BB109E}.Release 4.0|x86.Build.0 = Release 4.0|x86
		{5C9A4F46-263D-4C23-B361-F09E14BB109E}.Release 4.5|Any CPU.ActiveCfg = Release 4.5|Any CPU
		{5C9A4F46-263D-4C23-B361-F09E14BB109E}.Release 4.5|Any CPU.Build.0 = Release 4.5|Any CPU
		{5C9A4F46-263D-4C23-B361-F09E14BB109E}.Release 4.5|x86.ActiveCfg = Release 4.5|x86
		{5C9A4F46-263D-4C23-B361-F09E14BB109E}.Release 4.5|x86.Build.0 = Release 4.5|x86
		{5C9A4F46-263D-4C23-B361-F09E14BB109E}.Release 4.6.1|Any CPU.ActiveCfg = Release 4.6.1|Any CPU
		{5C9A4F46-263D-4C23-B361-F09E14BB109E}.Release 4.6.1|Any CPU.Build.0 = Release 4.6.1|Any CPU
		{5C9A4F46-263D-4C23-B361-F09E14BB109E}.Release 4.6.1|x86.ActiveCfg = Release 4.6.1|x86
		{5C9A4F46-263D-4C23-B361-F09E14BB109E}.Release 4.6.1|x86.Build.0 = Release 4.6.1|x86
		{5C9A4F46-263D-4C23-B361-F09E14BB109E}.Release|Any CPU.ActiveCfg = Release 4.6.1|Any CPU
		{5C9A4F46-263D-4C23-B361-F09E14BB109E}.Release|Any CPU.Build.0 = Release 4.6.1|Any CPU
		{5C9A4F46-263D-4C23-B361-F09E14BB109E}.Release|x86.ActiveCfg = Release 4.0|x86
		{5C9A4F46-263D-4C23-B361-F09E14BB109E}.Release|x86.Build.0 = Release 4.0|x86
		{7AC63864-7638-41C4-969C-D3197EF2BED9}.Debug|Any CPU.ActiveCfg = Debug|Any CPU
		{7AC63864-7638-41C4-969C-D3197EF2BED9}.Debug|Any CPU.Build.0 = Debug|Any CPU
		{7AC63864-7638-41C4-969C-D3197EF2BED9}.Debug|x86.ActiveCfg = Debug|x86
		{7AC63864-7638-41C4-969C-D3197EF2BED9}.Debug|x86.Build.0 = Debug|x86
		{7AC63864-7638-41C4-969C-D3197EF2BED9}.Release 4.0|Any CPU.ActiveCfg = Release|Any CPU
		{7AC63864-7638-41C4-969C-D3197EF2BED9}.Release 4.0|Any CPU.Build.0 = Release|Any CPU
		{7AC63864-7638-41C4-969C-D3197EF2BED9}.Release 4.0|x86.ActiveCfg = Release|x86
		{7AC63864-7638-41C4-969C-D3197EF2BED9}.Release 4.0|x86.Build.0 = Release|x86
		{7AC63864-7638-41C4-969C-D3197EF2BED9}.Release 4.5|Any CPU.ActiveCfg = Release|Any CPU
		{7AC63864-7638-41C4-969C-D3197EF2BED9}.Release 4.5|Any CPU.Build.0 = Release|Any CPU
		{7AC63864-7638-41C4-969C-D3197EF2BED9}.Release 4.5|x86.ActiveCfg = Release|x86
		{7AC63864-7638-41C4-969C-D3197EF2BED9}.Release 4.5|x86.Build.0 = Release|x86
		{7AC63864-7638-41C4-969C-D3197EF2BED9}.Release 4.6.1|Any CPU.ActiveCfg = Release|Any CPU
		{7AC63864-7638-41C4-969C-D3197EF2BED9}.Release 4.6.1|Any CPU.Build.0 = Release|Any CPU
		{7AC63864-7638-41C4-969C-D3197EF2BED9}.Release 4.6.1|x86.ActiveCfg = Release|x86
		{7AC63864-7638-41C4-969C-D3197EF2BED9}.Release 4.6.1|x86.Build.0 = Release|x86
		{7AC63864-7638-41C4-969C-D3197EF2BED9}.Release|Any CPU.ActiveCfg = Release|Any CPU
		{7AC63864-7638-41C4-969C-D3197EF2BED9}.Release|Any CPU.Build.0 = Release|Any CPU
		{7AC63864-7638-41C4-969C-D3197EF2BED9}.Release|x86.ActiveCfg = Release|x86
		{7AC63864-7638-41C4-969C-D3197EF2BED9}.Release|x86.Build.0 = Release|x86
		{67D2CCA7-489C-42DC-80FC-4B264C0323EE}.Debug|Any CPU.ActiveCfg = Debug|Any CPU
		{67D2CCA7-489C-42DC-80FC-4B264C0323EE}.Debug|Any CPU.Build.0 = Debug|Any CPU
		{67D2CCA7-489C-42DC-80FC-4B264C0323EE}.Debug|x86.ActiveCfg = Debug|x86
		{67D2CCA7-489C-42DC-80FC-4B264C0323EE}.Debug|x86.Build.0 = Debug|x86
		{67D2CCA7-489C-42DC-80FC-4B264C0323EE}.Release 4.0|Any CPU.ActiveCfg = Release|Any CPU
		{67D2CCA7-489C-42DC-80FC-4B264C0323EE}.Release 4.0|Any CPU.Build.0 = Release|Any CPU
		{67D2CCA7-489C-42DC-80FC-4B264C0323EE}.Release 4.0|x86.ActiveCfg = Release|x86
		{67D2CCA7-489C-42DC-80FC-4B264C0323EE}.Release 4.0|x86.Build.0 = Release|x86
		{67D2CCA7-489C-42DC-80FC-4B264C0323EE}.Release 4.5|Any CPU.ActiveCfg = Release|Any CPU
		{67D2CCA7-489C-42DC-80FC-4B264C0323EE}.Release 4.5|Any CPU.Build.0 = Release|Any CPU
		{67D2CCA7-489C-42DC-80FC-4B264C0323EE}.Release 4.5|x86.ActiveCfg = Release|x86
		{67D2CCA7-489C-42DC-80FC-4B264C0323EE}.Release 4.5|x86.Build.0 = Release|x86
		{67D2CCA7-489C-42DC-80FC-4B264C0323EE}.Release 4.6.1|Any CPU.ActiveCfg = Release|Any CPU
		{67D2CCA7-489C-42DC-80FC-4B264C0323EE}.Release 4.6.1|Any CPU.Build.0 = Release|Any CPU
		{67D2CCA7-489C-42DC-80FC-4B264C0323EE}.Release 4.6.1|x86.ActiveCfg = Release|x86
		{67D2CCA7-489C-42DC-80FC-4B264C0323EE}.Release 4.6.1|x86.Build.0 = Release|x86
		{67D2CCA7-489C-42DC-80FC-4B264C0323EE}.Release|Any CPU.ActiveCfg = Release|Any CPU
		{67D2CCA7-489C-42DC-80FC-4B264C0323EE}.Release|Any CPU.Build.0 = Release|Any CPU
		{67D2CCA7-489C-42DC-80FC-4B264C0323EE}.Release|x86.ActiveCfg = Release|x86
		{67D2CCA7-489C-42DC-80FC-4B264C0323EE}.Release|x86.Build.0 = Release|x86
		{98145560-729A-41A2-9B41-4B3DE1114471}.Debug|Any CPU.ActiveCfg = Debug|Any CPU
		{98145560-729A-41A2-9B41-4B3DE1114471}.Debug|Any CPU.Build.0 = Debug|Any CPU
		{98145560-729A-41A2-9B41-4B3DE1114471}.Debug|x86.ActiveCfg = Debug|x86
		{98145560-729A-41A2-9B41-4B3DE1114471}.Debug|x86.Build.0 = Debug|x86
		{98145560-729A-41A2-9B41-4B3DE1114471}.Release 4.0|Any CPU.ActiveCfg = Release|Any CPU
		{98145560-729A-41A2-9B41-4B3DE1114471}.Release 4.0|Any CPU.Build.0 = Release|Any CPU
		{98145560-729A-41A2-9B41-4B3DE1114471}.Release 4.0|x86.ActiveCfg = Release|x86
		{98145560-729A-41A2-9B41-4B3DE1114471}.Release 4.0|x86.Build.0 = Release|x86
		{98145560-729A-41A2-9B41-4B3DE1114471}.Release 4.5|Any CPU.ActiveCfg = Release|Any CPU
		{98145560-729A-41A2-9B41-4B3DE1114471}.Release 4.5|Any CPU.Build.0 = Release|Any CPU
		{98145560-729A-41A2-9B41-4B3DE1114471}.Release 4.5|x86.ActiveCfg = Release|x86
		{98145560-729A-41A2-9B41-4B3DE1114471}.Release 4.5|x86.Build.0 = Release|x86
		{98145560-729A-41A2-9B41-4B3DE1114471}.Release 4.6.1|Any CPU.ActiveCfg = Release|Any CPU
		{98145560-729A-41A2-9B41-4B3DE1114471}.Release 4.6.1|Any CPU.Build.0 = Release|Any CPU
		{98145560-729A-41A2-9B41-4B3DE1114471}.Release 4.6.1|x86.ActiveCfg = Release|x86
		{98145560-729A-41A2-9B41-4B3DE1114471}.Release 4.6.1|x86.Build.0 = Release|x86
		{98145560-729A-41A2-9B41-4B3DE1114471}.Release|Any CPU.ActiveCfg = Release|Any CPU
		{98145560-729A-41A2-9B41-4B3DE1114471}.Release|Any CPU.Build.0 = Release|Any CPU
		{98145560-729A-41A2-9B41-4B3DE1114471}.Release|x86.ActiveCfg = Release|x86
		{98145560-729A-41A2-9B41-4B3DE1114471}.Release|x86.Build.0 = Release|x86
		{C7FDE420-0587-4C9B-AF8B-DD258B2688F2}.Debug|Any CPU.ActiveCfg = Debug|Any CPU
		{C7FDE420-0587-4C9B-AF8B-DD258B2688F2}.Debug|Any CPU.Build.0 = Debug|Any CPU
		{C7FDE420-0587-4C9B-AF8B-DD258B2688F2}.Debug|x86.ActiveCfg = Debug|x86
		{C7FDE420-0587-4C9B-AF8B-DD258B2688F2}.Debug|x86.Build.0 = Debug|x86
		{C7FDE420-0587-4C9B-AF8B-DD258B2688F2}.Release 4.0|Any CPU.ActiveCfg = Release|Any CPU
		{C7FDE420-0587-4C9B-AF8B-DD258B2688F2}.Release 4.0|Any CPU.Build.0 = Release|Any CPU
		{C7FDE420-0587-4C9B-AF8B-DD258B2688F2}.Release 4.0|x86.ActiveCfg = Release|x86
		{C7FDE420-0587-4C9B-AF8B-DD258B2688F2}.Release 4.0|x86.Build.0 = Release|x86
		{C7FDE420-0587-4C9B-AF8B-DD258B2688F2}.Release 4.5|Any CPU.ActiveCfg = Release|Any CPU
		{C7FDE420-0587-4C9B-AF8B-DD258B2688F2}.Release 4.5|Any CPU.Build.0 = Release|Any CPU
		{C7FDE420-0587-4C9B-AF8B-DD258B2688F2}.Release 4.5|x86.ActiveCfg = Release|x86
		{C7FDE420-0587-4C9B-AF8B-DD258B2688F2}.Release 4.5|x86.Build.0 = Release|x86
		{C7FDE420-0587-4C9B-AF8B-DD258B2688F2}.Release 4.6.1|Any CPU.ActiveCfg = Release|Any CPU
		{C7FDE420-0587-4C9B-AF8B-DD258B2688F2}.Release 4.6.1|Any CPU.Build.0 = Release|Any CPU
		{C7FDE420-0587-4C9B-AF8B-DD258B2688F2}.Release 4.6.1|x86.ActiveCfg = Release|x86
		{C7FDE420-0587-4C9B-AF8B-DD258B2688F2}.Release 4.6.1|x86.Build.0 = Release|x86
		{C7FDE420-0587-4C9B-AF8B-DD258B2688F2}.Release|Any CPU.ActiveCfg = Release|Any CPU
		{C7FDE420-0587-4C9B-AF8B-DD258B2688F2}.Release|Any CPU.Build.0 = Release|Any CPU
		{C7FDE420-0587-4C9B-AF8B-DD258B2688F2}.Release|x86.ActiveCfg = Release|x86
		{C7FDE420-0587-4C9B-AF8B-DD258B2688F2}.Release|x86.Build.0 = Release|x86
		{EA98B1D5-D781-4207-B12F-A2EE0EA37074}.Debug|Any CPU.ActiveCfg = Debug
		{EA98B1D5-D781-4207-B12F-A2EE0EA37074}.Debug|x86.ActiveCfg = Debug
		{EA98B1D5-D781-4207-B12F-A2EE0EA37074}.Debug|x86.Build.0 = Debug
		{EA98B1D5-D781-4207-B12F-A2EE0EA37074}.Release 4.0|Any CPU.ActiveCfg = Release
		{EA98B1D5-D781-4207-B12F-A2EE0EA37074}.Release 4.0|x86.ActiveCfg = Release
		{EA98B1D5-D781-4207-B12F-A2EE0EA37074}.Release 4.0|x86.Build.0 = Release
		{EA98B1D5-D781-4207-B12F-A2EE0EA37074}.Release 4.5|Any CPU.ActiveCfg = Release
		{EA98B1D5-D781-4207-B12F-A2EE0EA37074}.Release 4.5|x86.ActiveCfg = Release
		{EA98B1D5-D781-4207-B12F-A2EE0EA37074}.Release 4.5|x86.Build.0 = Release
		{EA98B1D5-D781-4207-B12F-A2EE0EA37074}.Release 4.6.1|Any CPU.ActiveCfg = Release
		{EA98B1D5-D781-4207-B12F-A2EE0EA37074}.Release 4.6.1|x86.ActiveCfg = Release
		{EA98B1D5-D781-4207-B12F-A2EE0EA37074}.Release 4.6.1|x86.Build.0 = Release
		{EA98B1D5-D781-4207-B12F-A2EE0EA37074}.Release|Any CPU.ActiveCfg = Release
		{EA98B1D5-D781-4207-B12F-A2EE0EA37074}.Release|x86.ActiveCfg = Release
		{EA98B1D5-D781-4207-B12F-A2EE0EA37074}.Release|x86.Build.0 = Release
	EndGlobalSection
	GlobalSection(SolutionProperties) = preSolution
		HideSolutionNode = FALSE
	EndGlobalSection
	GlobalSection(ExtensibilityGlobals) = postSolution
		SolutionGuid = {8A804355-76E9-4A74-B24E-3578DB7F39D5}
	EndGlobalSection
EndGlobal
